
Microsoft Visual Studio Solution File, Format Version 12.00
# Visual Studio Version 17
VisualStudioVersion = 17.5.33516.290
MinimumVisualStudioVersion = 10.0.40219.1
Project("{FAE04EC0-301F-11D3-BF4B-00C04F79EFBC}") = "var_len_params_prog", "var_len_params_prog\var_len_params_prog.csproj", "{EE04E623-0990-4580-9280-A78F2F620BBC}"
EndProject
Global
	GlobalSection(SolutionConfigurationPlatforms) = preSolution
		Debug|Any CPU = Debug|Any CPU
		Release|Any CPU = Release|Any CPU
	EndGlobalSection
	GlobalSection(ProjectConfigurationPlatforms) = postSolution
		{EE04E623-0990-4580-9280-A78F2F620BBC}.Debug|Any CPU.ActiveCfg = Debug|Any CPU
		{EE04E623-0990-4580-9280-A78F2F620BBC}.Debug|Any CPU.Build.0 = Debug|Any CPU
		{EE04E623-0990-4580-9280-A78F2F620BBC}.Release|Any CPU.ActiveCfg = Release|Any CPU
		{EE04E623-0990-4580-9280-A78F2F620BBC}.Release|Any CPU.Build.0 = Release|Any CPU
	EndGlobalSection
	GlobalSection(SolutionProperties) = preSolution
		HideSolutionNode = FALSE
	EndGlobalSection
	GlobalSection(ExtensibilityGlobals) = postSolution
		SolutionGuid = {629D557B-642D-4BD2-A74D-BC50BDBE566E}
	EndGlobalSection
EndGlobal
