
Microsoft Visual Studio Solution File, Format Version 12.00
# Visual Studio Version 17
VisualStudioVersion = 17.6.33801.468
MinimumVisualStudioVersion = 10.0.40219.1
Project("{FAE04EC0-301F-11D3-BF4B-00C04F79EFBC}") = "productmvc", "productmvc\productmvc.csproj", "{0E1DA13F-E062-4810-8AA1-6424D1406447}"
EndProject
Global
	GlobalSection(SolutionConfigurationPlatforms) = preSolution
		Debug|Any CPU = Debug|Any CPU
		Release|Any CPU = Release|Any CPU
	EndGlobalSection
	GlobalSection(ProjectConfigurationPlatforms) = postSolution
		{0E1DA13F-E062-4810-8AA1-6424D1406447}.Debug|Any CPU.ActiveCfg = Debug|Any CPU
		{0E1DA13F-E062-4810-8AA1-6424D1406447}.Debug|Any CPU.Build.0 = Debug|Any CPU
		{0E1DA13F-E062-4810-8AA1-6424D1406447}.Release|Any CPU.ActiveCfg = Release|Any CPU
		{0E1DA13F-E062-4810-8AA1-6424D1406447}.Release|Any CPU.Build.0 = Release|Any CPU
	EndGlobalSection
	GlobalSection(SolutionProperties) = preSolution
		HideSolutionNode = FALSE
	EndGlobalSection
	GlobalSection(ExtensibilityGlobals) = postSolution
		SolutionGuid = {D102E28E-0368-46B6-82C9-276843909B76}
	EndGlobalSection
EndGlobal
