
Microsoft Visual Studio Solution File, Format Version 12.00
# Visual Studio Version 17
VisualStudioVersion = 17.5.33530.505
MinimumVisualStudioVersion = 10.0.40219.1
Project("{FAE04EC0-301F-11D3-BF4B-00C04F79EFBC}") = "fendahl", "fendahl\fendahl.csproj", "{71AE190B-DB76-4165-9A4F-FD2F4AC84FD0}"
EndProject
Global
	GlobalSection(SolutionConfigurationPlatforms) = preSolution
		Debug|Any CPU = Debug|Any CPU
		Release|Any CPU = Release|Any CPU
	EndGlobalSection
	GlobalSection(ProjectConfigurationPlatforms) = postSolution
		{71AE190B-DB76-4165-9A4F-FD2F4AC84FD0}.Debug|Any CPU.ActiveCfg = Debug|Any CPU
		{71AE190B-DB76-4165-9A4F-FD2F4AC84FD0}.Debug|Any CPU.Build.0 = Debug|Any CPU
		{71AE190B-DB76-4165-9A4F-FD2F4AC84FD0}.Release|Any CPU.ActiveCfg = Release|Any CPU
		{71AE190B-DB76-4165-9A4F-FD2F4AC84FD0}.Release|Any CPU.Build.0 = Release|Any CPU
	EndGlobalSection
	GlobalSection(SolutionProperties) = preSolution
		HideSolutionNode = FALSE
	EndGlobalSection
	GlobalSection(ExtensibilityGlobals) = postSolution
		SolutionGuid = {CEA6EB25-9018-45D7-9206-DEF41ADB1FED}
	EndGlobalSection
EndGlobal
