
Microsoft Visual Studio Solution File, Format Version 12.00
# Visual Studio Version 17
VisualStudioVersion = 17.6.33723.286
MinimumVisualStudioVersion = 10.0.40219.1
Project("{FAE04EC0-301F-11D3-BF4B-00C04F79EFBC}") = "mdiform", "mdiform\mdiform.csproj", "{C5554833-E4E9-4645-BC98-4D76195B3D68}"
EndProject
Global
	GlobalSection(SolutionConfigurationPlatforms) = preSolution
		Debug|Any CPU = Debug|Any CPU
		Release|Any CPU = Release|Any CPU
	EndGlobalSection
	GlobalSection(ProjectConfigurationPlatforms) = postSolution
		{C5554833-E4E9-4645-BC98-4D76195B3D68}.Debug|Any CPU.ActiveCfg = Debug|Any CPU
		{C5554833-E4E9-4645-BC98-4D76195B3D68}.Debug|Any CPU.Build.0 = Debug|Any CPU
		{C5554833-E4E9-4645-BC98-4D76195B3D68}.Release|Any CPU.ActiveCfg = Release|Any CPU
		{C5554833-E4E9-4645-BC98-4D76195B3D68}.Release|Any CPU.Build.0 = Release|Any CPU
	EndGlobalSection
	GlobalSection(SolutionProperties) = preSolution
		HideSolutionNode = FALSE
	EndGlobalSection
	GlobalSection(ExtensibilityGlobals) = postSolution
		SolutionGuid = {E2831EBF-9F85-4E53-9065-2E9DED4B8E05}
	EndGlobalSection
EndGlobal
