
Microsoft Visual Studio Solution File, Format Version 12.00
# Visual Studio Version 17
VisualStudioVersion = 17.5.33516.290
MinimumVisualStudioVersion = 10.0.40219.1
Project("{FAE04EC0-301F-11D3-BF4B-00C04F79EFBC}") = "single_lvl_inher_with_field", "single_lvl_inher_with_field\single_lvl_inher_with_field.csproj", "{151F890F-01D1-434F-8100-7B929B1F4E58}"
EndProject
Global
	GlobalSection(SolutionConfigurationPlatforms) = preSolution
		Debug|Any CPU = Debug|Any CPU
		Release|Any CPU = Release|Any CPU
	EndGlobalSection
	GlobalSection(ProjectConfigurationPlatforms) = postSolution
		{151F890F-01D1-434F-8100-7B929B1F4E58}.Debug|Any CPU.ActiveCfg = Debug|Any CPU
		{151F890F-01D1-434F-8100-7B929B1F4E58}.Debug|Any CPU.Build.0 = Debug|Any CPU
		{151F890F-01D1-434F-8100-7B929B1F4E58}.Release|Any CPU.ActiveCfg = Release|Any CPU
		{151F890F-01D1-434F-8100-7B929B1F4E58}.Release|Any CPU.Build.0 = Release|Any CPU
	EndGlobalSection
	GlobalSection(SolutionProperties) = preSolution
		HideSolutionNode = FALSE
	EndGlobalSection
	GlobalSection(ExtensibilityGlobals) = postSolution
		SolutionGuid = {C7C4BC26-5559-4982-A5E4-191E981DED98}
	EndGlobalSection
EndGlobal
