
Microsoft Visual Studio Solution File, Format Version 12.00
# Visual Studio Version 17
VisualStudioVersion = 17.5.33516.290
MinimumVisualStudioVersion = 10.0.40219.1
Project("{FAE04EC0-301F-11D3-BF4B-00C04F79EFBC}") = "smallest_among_three_no", "smallest_among_three_no\smallest_among_three_no.csproj", "{01401142-6F6F-41E0-B394-59191D4B550F}"
EndProject
Global
	GlobalSection(SolutionConfigurationPlatforms) = preSolution
		Debug|Any CPU = Debug|Any CPU
		Release|Any CPU = Release|Any CPU
	EndGlobalSection
	GlobalSection(ProjectConfigurationPlatforms) = postSolution
		{01401142-6F6F-41E0-B394-59191D4B550F}.Debug|Any CPU.ActiveCfg = Debug|Any CPU
		{01401142-6F6F-41E0-B394-59191D4B550F}.Debug|Any CPU.Build.0 = Debug|Any CPU
		{01401142-6F6F-41E0-B394-59191D4B550F}.Release|Any CPU.ActiveCfg = Release|Any CPU
		{01401142-6F6F-41E0-B394-59191D4B550F}.Release|Any CPU.Build.0 = Release|Any CPU
	EndGlobalSection
	GlobalSection(SolutionProperties) = preSolution
		HideSolutionNode = FALSE
	EndGlobalSection
	GlobalSection(ExtensibilityGlobals) = postSolution
		SolutionGuid = {6B85BD4C-368F-4A95-981A-6A017EFC06A9}
	EndGlobalSection
EndGlobal
