
Microsoft Visual Studio Solution File, Format Version 12.00
# Visual Studio Version 17
VisualStudioVersion = 17.5.33516.290
MinimumVisualStudioVersion = 10.0.40219.1
Project("{FAE04EC0-301F-11D3-BF4B-00C04F79EFBC}") = "2D_array_using_userinput", "2D_array_using_userinput\2D_array_using_userinput.csproj", "{C596E24D-312F-488F-BCAC-E59128EAA07B}"
EndProject
Global
	GlobalSection(SolutionConfigurationPlatforms) = preSolution
		Debug|Any CPU = Debug|Any CPU
		Release|Any CPU = Release|Any CPU
	EndGlobalSection
	GlobalSection(ProjectConfigurationPlatforms) = postSolution
		{C596E24D-312F-488F-BCAC-E59128EAA07B}.Debug|Any CPU.ActiveCfg = Debug|Any CPU
		{C596E24D-312F-488F-BCAC-E59128EAA07B}.Debug|Any CPU.Build.0 = Debug|Any CPU
		{C596E24D-312F-488F-BCAC-E59128EAA07B}.Release|Any CPU.ActiveCfg = Release|Any CPU
		{C596E24D-312F-488F-BCAC-E59128EAA07B}.Release|Any CPU.Build.0 = Release|Any CPU
	EndGlobalSection
	GlobalSection(SolutionProperties) = preSolution
		HideSolutionNode = FALSE
	EndGlobalSection
	GlobalSection(ExtensibilityGlobals) = postSolution
		SolutionGuid = {E4B1AD2A-1C4B-41FA-A03C-EEC8138D3423}
	EndGlobalSection
EndGlobal
