
Microsoft Visual Studio Solution File, Format Version 12.00
# Visual Studio Version 17
VisualStudioVersion = 17.5.33502.453
MinimumVisualStudioVersion = 10.0.40219.1
Project("{FAE04EC0-301F-11D3-BF4B-00C04F79EFBC}") = "squareNumber", "squareNumber\squareNumber.csproj", "{43F44386-B5DC-4B5F-BEE2-C4DC640570CD}"
EndProject
Global
	GlobalSection(SolutionConfigurationPlatforms) = preSolution
		Debug|Any CPU = Debug|Any CPU
		Release|Any CPU = Release|Any CPU
	EndGlobalSection
	GlobalSection(ProjectConfigurationPlatforms) = postSolution
		{43F44386-B5DC-4B5F-BEE2-C4DC640570CD}.Debug|Any CPU.ActiveCfg = Debug|Any CPU
		{43F44386-B5DC-4B5F-BEE2-C4DC640570CD}.Debug|Any CPU.Build.0 = Debug|Any CPU
		{43F44386-B5DC-4B5F-BEE2-C4DC640570CD}.Release|Any CPU.ActiveCfg = Release|Any CPU
		{43F44386-B5DC-4B5F-BEE2-C4DC640570CD}.Release|Any CPU.Build.0 = Release|Any CPU
	EndGlobalSection
	GlobalSection(SolutionProperties) = preSolution
		HideSolutionNode = FALSE
	EndGlobalSection
	GlobalSection(ExtensibilityGlobals) = postSolution
		SolutionGuid = {CE0A4B44-3FFB-4010-9EC8-F306545869C9}
	EndGlobalSection
EndGlobal
