
Microsoft Visual Studio Solution File, Format Version 12.00
# Visual Studio Version 17
VisualStudioVersion = 17.5.33516.290
MinimumVisualStudioVersion = 10.0.40219.1
Project("{FAE04EC0-301F-11D3-BF4B-00C04F79EFBC}") = "hierarchical1_exmp", "hierarchical1_exmp\hierarchical1_exmp.csproj", "{7C78D6B9-6617-467D-98D6-3D32CF4E4A33}"
EndProject
Global
	GlobalSection(SolutionConfigurationPlatforms) = preSolution
		Debug|Any CPU = Debug|Any CPU
		Release|Any CPU = Release|Any CPU
	EndGlobalSection
	GlobalSection(ProjectConfigurationPlatforms) = postSolution
		{7C78D6B9-6617-467D-98D6-3D32CF4E4A33}.Debug|Any CPU.ActiveCfg = Debug|Any CPU
		{7C78D6B9-6617-467D-98D6-3D32CF4E4A33}.Debug|Any CPU.Build.0 = Debug|Any CPU
		{7C78D6B9-6617-467D-98D6-3D32CF4E4A33}.Release|Any CPU.ActiveCfg = Release|Any CPU
		{7C78D6B9-6617-467D-98D6-3D32CF4E4A33}.Release|Any CPU.Build.0 = Release|Any CPU
	EndGlobalSection
	GlobalSection(SolutionProperties) = preSolution
		HideSolutionNode = FALSE
	EndGlobalSection
	GlobalSection(ExtensibilityGlobals) = postSolution
		SolutionGuid = {14790606-86BB-47E6-ABA4-BA4214A6D623}
	EndGlobalSection
EndGlobal
