
Microsoft Visual Studio Solution File, Format Version 12.00
# Visual Studio Version 17
VisualStudioVersion = 17.5.33516.290
MinimumVisualStudioVersion = 10.0.40219.1
Project("{FAE04EC0-301F-11D3-BF4B-00C04F79EFBC}") = "pass_by_reference_using_in&out", "pass_by_reference_using_in&out\pass_by_reference_using_in&out.csproj", "{2E136F5F-AB77-43C6-B499-297D3B0F02DC}"
EndProject
Global
	GlobalSection(SolutionConfigurationPlatforms) = preSolution
		Debug|Any CPU = Debug|Any CPU
		Release|Any CPU = Release|Any CPU
	EndGlobalSection
	GlobalSection(ProjectConfigurationPlatforms) = postSolution
		{2E136F5F-AB77-43C6-B499-297D3B0F02DC}.Debug|Any CPU.ActiveCfg = Debug|Any CPU
		{2E136F5F-AB77-43C6-B499-297D3B0F02DC}.Debug|Any CPU.Build.0 = Debug|Any CPU
		{2E136F5F-AB77-43C6-B499-297D3B0F02DC}.Release|Any CPU.ActiveCfg = Release|Any CPU
		{2E136F5F-AB77-43C6-B499-297D3B0F02DC}.Release|Any CPU.Build.0 = Release|Any CPU
	EndGlobalSection
	GlobalSection(SolutionProperties) = preSolution
		HideSolutionNode = FALSE
	EndGlobalSection
	GlobalSection(ExtensibilityGlobals) = postSolution
		SolutionGuid = {16D8F5A2-B96E-44D5-B56C-D58B7E9F5E0E}
	EndGlobalSection
EndGlobal
