
Microsoft Visual Studio Solution File, Format Version 12.00
# Visual Studio Version 17
VisualStudioVersion = 17.5.33502.453
MinimumVisualStudioVersion = 10.0.40219.1
Project("{FAE04EC0-301F-11D3-BF4B-00C04F79EFBC}") = "byteprogram", "byteprogram\byteprogram.csproj", "{0D40C6E8-6419-4161-B85C-BB93DD52E9CA}"
EndProject
Global
	GlobalSection(SolutionConfigurationPlatforms) = preSolution
		Debug|Any CPU = Debug|Any CPU
		Release|Any CPU = Release|Any CPU
	EndGlobalSection
	GlobalSection(ProjectConfigurationPlatforms) = postSolution
		{0D40C6E8-6419-4161-B85C-BB93DD52E9CA}.Debug|Any CPU.ActiveCfg = Debug|Any CPU
		{0D40C6E8-6419-4161-B85C-BB93DD52E9CA}.Debug|Any CPU.Build.0 = Debug|Any CPU
		{0D40C6E8-6419-4161-B85C-BB93DD52E9CA}.Release|Any CPU.ActiveCfg = Release|Any CPU
		{0D40C6E8-6419-4161-B85C-BB93DD52E9CA}.Release|Any CPU.Build.0 = Release|Any CPU
	EndGlobalSection
	GlobalSection(SolutionProperties) = preSolution
		HideSolutionNode = FALSE
	EndGlobalSection
	GlobalSection(ExtensibilityGlobals) = postSolution
		SolutionGuid = {A6145875-B2DF-4B05-A2C1-23FB8A9335E7}
	EndGlobalSection
EndGlobal
