
Microsoft Visual Studio Solution File, Format Version 12.00
# Visual Studio Version 17
VisualStudioVersion = 17.5.33516.290
MinimumVisualStudioVersion = 10.0.40219.1
Project("{FAE04EC0-301F-11D3-BF4B-00C04F79EFBC}") = "prime_no_check", "prime_no_check\prime_no_check.csproj", "{9C467948-7D21-4E4A-B1E5-410EEDF394D6}"
EndProject
Global
	GlobalSection(SolutionConfigurationPlatforms) = preSolution
		Debug|Any CPU = Debug|Any CPU
		Release|Any CPU = Release|Any CPU
	EndGlobalSection
	GlobalSection(ProjectConfigurationPlatforms) = postSolution
		{9C467948-7D21-4E4A-B1E5-410EEDF394D6}.Debug|Any CPU.ActiveCfg = Debug|Any CPU
		{9C467948-7D21-4E4A-B1E5-410EEDF394D6}.Debug|Any CPU.Build.0 = Debug|Any CPU
		{9C467948-7D21-4E4A-B1E5-410EEDF394D6}.Release|Any CPU.ActiveCfg = Release|Any CPU
		{9C467948-7D21-4E4A-B1E5-410EEDF394D6}.Release|Any CPU.Build.0 = Release|Any CPU
	EndGlobalSection
	GlobalSection(SolutionProperties) = preSolution
		HideSolutionNode = FALSE
	EndGlobalSection
	GlobalSection(ExtensibilityGlobals) = postSolution
		SolutionGuid = {F6DB513E-31B3-4BD2-BF62-EBB42932D72F}
	EndGlobalSection
EndGlobal
