
Microsoft Visual Studio Solution File, Format Version 12.00
# Visual Studio Version 17
VisualStudioVersion = 17.5.33530.505
MinimumVisualStudioVersion = 10.0.40219.1
Project("{FAE04EC0-301F-11D3-BF4B-00C04F79EFBC}") = "sweet_shop", "sweet_shop\sweet_shop.csproj", "{70BD1C4D-62A0-4D09-BCEC-F8715ED16294}"
EndProject
Global
	GlobalSection(SolutionConfigurationPlatforms) = preSolution
		Debug|Any CPU = Debug|Any CPU
		Release|Any CPU = Release|Any CPU
	EndGlobalSection
	GlobalSection(ProjectConfigurationPlatforms) = postSolution
		{70BD1C4D-62A0-4D09-BCEC-F8715ED16294}.Debug|Any CPU.ActiveCfg = Debug|Any CPU
		{70BD1C4D-62A0-4D09-BCEC-F8715ED16294}.Debug|Any CPU.Build.0 = Debug|Any CPU
		{70BD1C4D-62A0-4D09-BCEC-F8715ED16294}.Release|Any CPU.ActiveCfg = Release|Any CPU
		{70BD1C4D-62A0-4D09-BCEC-F8715ED16294}.Release|Any CPU.Build.0 = Release|Any CPU
	EndGlobalSection
	GlobalSection(SolutionProperties) = preSolution
		HideSolutionNode = FALSE
	EndGlobalSection
	GlobalSection(ExtensibilityGlobals) = postSolution
		SolutionGuid = {1493E632-EF3D-4688-B0B7-DD6662DBCC03}
	EndGlobalSection
EndGlobal
