
Microsoft Visual Studio Solution File, Format Version 12.00
# Visual Studio Version 17
VisualStudioVersion = 17.6.33723.286
MinimumVisualStudioVersion = 10.0.40219.1
Project("{FAE04EC0-301F-11D3-BF4B-00C04F79EFBC}") = "server_object_methods", "server_object_methods\server_object_methods.csproj", "{78A33024-CC92-4DAE-807D-9C0393230871}"
EndProject
Global
	GlobalSection(SolutionConfigurationPlatforms) = preSolution
		Debug|Any CPU = Debug|Any CPU
		Release|Any CPU = Release|Any CPU
	EndGlobalSection
	GlobalSection(ProjectConfigurationPlatforms) = postSolution
		{78A33024-CC92-4DAE-807D-9C0393230871}.Debug|Any CPU.ActiveCfg = Debug|Any CPU
		{78A33024-CC92-4DAE-807D-9C0393230871}.Debug|Any CPU.Build.0 = Debug|Any CPU
		{78A33024-CC92-4DAE-807D-9C0393230871}.Release|Any CPU.ActiveCfg = Release|Any CPU
		{78A33024-CC92-4DAE-807D-9C0393230871}.Release|Any CPU.Build.0 = Release|Any CPU
	EndGlobalSection
	GlobalSection(SolutionProperties) = preSolution
		HideSolutionNode = FALSE
	EndGlobalSection
	GlobalSection(ExtensibilityGlobals) = postSolution
		SolutionGuid = {7689E5D8-F549-4F28-B96E-3DBF8AB26B14}
	EndGlobalSection
EndGlobal
