
Microsoft Visual Studio Solution File, Format Version 12.00
# Visual Studio Version 17
VisualStudioVersion = 17.5.33502.453
MinimumVisualStudioVersion = 10.0.40219.1
Project("{FAE04EC0-301F-11D3-BF4B-00C04F79EFBC}") = "twonumgreater", "twonumgreater\twonumgreater.csproj", "{232F2978-ABD2-4F2D-BBC1-C439EE8C44AE}"
EndProject
Global
	GlobalSection(SolutionConfigurationPlatforms) = preSolution
		Debug|Any CPU = Debug|Any CPU
		Release|Any CPU = Release|Any CPU
	EndGlobalSection
	GlobalSection(ProjectConfigurationPlatforms) = postSolution
		{232F2978-ABD2-4F2D-BBC1-C439EE8C44AE}.Debug|Any CPU.ActiveCfg = Debug|Any CPU
		{232F2978-ABD2-4F2D-BBC1-C439EE8C44AE}.Debug|Any CPU.Build.0 = Debug|Any CPU
		{232F2978-ABD2-4F2D-BBC1-C439EE8C44AE}.Release|Any CPU.ActiveCfg = Release|Any CPU
		{232F2978-ABD2-4F2D-BBC1-C439EE8C44AE}.Release|Any CPU.Build.0 = Release|Any CPU
	EndGlobalSection
	GlobalSection(SolutionProperties) = preSolution
		HideSolutionNode = FALSE
	EndGlobalSection
	GlobalSection(ExtensibilityGlobals) = postSolution
		SolutionGuid = {D8512D59-5D54-4278-9DA3-4F8212FD917C}
	EndGlobalSection
EndGlobal
