
Microsoft Visual Studio Solution File, Format Version 12.00
# Visual Studio Version 17
VisualStudioVersion = 17.6.33723.286
MinimumVisualStudioVersion = 10.0.40219.1
Project("{FAE04EC0-301F-11D3-BF4B-00C04F79EFBC}") = "cookies", "cookies\cookies.csproj", "{0F36392D-EC72-47C7-9B1E-87DF296616F4}"
EndProject
Global
	GlobalSection(SolutionConfigurationPlatforms) = preSolution
		Debug|Any CPU = Debug|Any CPU
		Release|Any CPU = Release|Any CPU
	EndGlobalSection
	GlobalSection(ProjectConfigurationPlatforms) = postSolution
		{0F36392D-EC72-47C7-9B1E-87DF296616F4}.Debug|Any CPU.ActiveCfg = Debug|Any CPU
		{0F36392D-EC72-47C7-9B1E-87DF296616F4}.Debug|Any CPU.Build.0 = Debug|Any CPU
		{0F36392D-EC72-47C7-9B1E-87DF296616F4}.Release|Any CPU.ActiveCfg = Release|Any CPU
		{0F36392D-EC72-47C7-9B1E-87DF296616F4}.Release|Any CPU.Build.0 = Release|Any CPU
	EndGlobalSection
	GlobalSection(SolutionProperties) = preSolution
		HideSolutionNode = FALSE
	EndGlobalSection
	GlobalSection(ExtensibilityGlobals) = postSolution
		SolutionGuid = {75FBF32C-B240-4B56-8EC3-8DDF7DBDA2C8}
	EndGlobalSection
EndGlobal
