
Microsoft Visual Studio Solution File, Format Version 12.00
# Visual Studio Version 17
VisualStudioVersion = 17.5.33502.453
MinimumVisualStudioVersion = 10.0.40219.1
Project("{FAE04EC0-301F-11D3-BF4B-00C04F79EFBC}") = "square_number", "square_number\square_number.csproj", "{6E125882-3D36-4DF7-ACF6-BFC05C539CEA}"
EndProject
Global
	GlobalSection(SolutionConfigurationPlatforms) = preSolution
		Debug|Any CPU = Debug|Any CPU
		Release|Any CPU = Release|Any CPU
	EndGlobalSection
	GlobalSection(ProjectConfigurationPlatforms) = postSolution
		{6E125882-3D36-4DF7-ACF6-BFC05C539CEA}.Debug|Any CPU.ActiveCfg = Debug|Any CPU
		{6E125882-3D36-4DF7-ACF6-BFC05C539CEA}.Debug|Any CPU.Build.0 = Debug|Any CPU
		{6E125882-3D36-4DF7-ACF6-BFC05C539CEA}.Release|Any CPU.ActiveCfg = Release|Any CPU
		{6E125882-3D36-4DF7-ACF6-BFC05C539CEA}.Release|Any CPU.Build.0 = Release|Any CPU
	EndGlobalSection
	GlobalSection(SolutionProperties) = preSolution
		HideSolutionNode = FALSE
	EndGlobalSection
	GlobalSection(ExtensibilityGlobals) = postSolution
		SolutionGuid = {07B24C4F-A5A4-4320-9BFA-CE58D20AB2A3}
	EndGlobalSection
EndGlobal
