
Microsoft Visual Studio Solution File, Format Version 12.00
# Visual Studio Version 17
VisualStudioVersion = 17.5.33530.505
MinimumVisualStudioVersion = 10.0.40219.1
Project("{FAE04EC0-301F-11D3-BF4B-00C04F79EFBC}") = "fendahl_revision", "fendahl_revision\fendahl_revision.csproj", "{446D7217-A338-4C61-A5FB-2B8B3078EF6A}"
EndProject
Global
	GlobalSection(SolutionConfigurationPlatforms) = preSolution
		Debug|Any CPU = Debug|Any CPU
		Release|Any CPU = Release|Any CPU
	EndGlobalSection
	GlobalSection(ProjectConfigurationPlatforms) = postSolution
		{446D7217-A338-4C61-A5FB-2B8B3078EF6A}.Debug|Any CPU.ActiveCfg = Debug|Any CPU
		{446D7217-A338-4C61-A5FB-2B8B3078EF6A}.Debug|Any CPU.Build.0 = Debug|Any CPU
		{446D7217-A338-4C61-A5FB-2B8B3078EF6A}.Release|Any CPU.ActiveCfg = Release|Any CPU
		{446D7217-A338-4C61-A5FB-2B8B3078EF6A}.Release|Any CPU.Build.0 = Release|Any CPU
	EndGlobalSection
	GlobalSection(SolutionProperties) = preSolution
		HideSolutionNode = FALSE
	EndGlobalSection
	GlobalSection(ExtensibilityGlobals) = postSolution
		SolutionGuid = {00959716-AD73-4E4C-A6FE-5D5EE3A5A378}
	EndGlobalSection
EndGlobal
