
Microsoft Visual Studio Solution File, Format Version 12.00
# Visual Studio Version 17
VisualStudioVersion = 17.5.33516.290
MinimumVisualStudioVersion = 10.0.40219.1
Project("{FAE04EC0-301F-11D3-BF4B-00C04F79EFBC}") = "array_float_program", "array_float_program\array_float_program.csproj", "{620448EE-6C54-4A5C-ACC0-4D46552DD51C}"
EndProject
Global
	GlobalSection(SolutionConfigurationPlatforms) = preSolution
		Debug|Any CPU = Debug|Any CPU
		Release|Any CPU = Release|Any CPU
	EndGlobalSection
	GlobalSection(ProjectConfigurationPlatforms) = postSolution
		{620448EE-6C54-4A5C-ACC0-4D46552DD51C}.Debug|Any CPU.ActiveCfg = Debug|Any CPU
		{620448EE-6C54-4A5C-ACC0-4D46552DD51C}.Debug|Any CPU.Build.0 = Debug|Any CPU
		{620448EE-6C54-4A5C-ACC0-4D46552DD51C}.Release|Any CPU.ActiveCfg = Release|Any CPU
		{620448EE-6C54-4A5C-ACC0-4D46552DD51C}.Release|Any CPU.Build.0 = Release|Any CPU
	EndGlobalSection
	GlobalSection(SolutionProperties) = preSolution
		HideSolutionNode = FALSE
	EndGlobalSection
	GlobalSection(ExtensibilityGlobals) = postSolution
		SolutionGuid = {E6B67A58-10F8-4496-8805-26F50FA31158}
	EndGlobalSection
EndGlobal
