
Microsoft Visual Studio Solution File, Format Version 12.00
# Visual Studio Version 17
VisualStudioVersion = 17.6.33815.320
MinimumVisualStudioVersion = 10.0.40219.1
Project("{FAE04EC0-301F-11D3-BF4B-00C04F79EFBC}") = "EFex2", "EFex2\EFex2.csproj", "{1411D255-4EC7-44B6-A779-987F0E3F4FB6}"
EndProject
Global
	GlobalSection(SolutionConfigurationPlatforms) = preSolution
		Debug|Any CPU = Debug|Any CPU
		Release|Any CPU = Release|Any CPU
	EndGlobalSection
	GlobalSection(ProjectConfigurationPlatforms) = postSolution
		{1411D255-4EC7-44B6-A779-987F0E3F4FB6}.Debug|Any CPU.ActiveCfg = Debug|Any CPU
		{1411D255-4EC7-44B6-A779-987F0E3F4FB6}.Debug|Any CPU.Build.0 = Debug|Any CPU
		{1411D255-4EC7-44B6-A779-987F0E3F4FB6}.Release|Any CPU.ActiveCfg = Release|Any CPU
		{1411D255-4EC7-44B6-A779-987F0E3F4FB6}.Release|Any CPU.Build.0 = Release|Any CPU
	EndGlobalSection
	GlobalSection(SolutionProperties) = preSolution
		HideSolutionNode = FALSE
	EndGlobalSection
	GlobalSection(ExtensibilityGlobals) = postSolution
		SolutionGuid = {422ABA16-3436-4C8E-9B3A-0317A9E57EE0}
	EndGlobalSection
EndGlobal
