
Microsoft Visual Studio Solution File, Format Version 12.00
# Visual Studio Version 17
VisualStudioVersion = 17.5.33530.505
MinimumVisualStudioVersion = 10.0.40219.1
Project("{FAE04EC0-301F-11D3-BF4B-00C04F79EFBC}") = "hostel_connection", "hostel_connection\hostel_connection.csproj", "{822C5564-A287-4A6E-90AE-64B7D711F885}"
EndProject
Global
	GlobalSection(SolutionConfigurationPlatforms) = preSolution
		Debug|Any CPU = Debug|Any CPU
		Release|Any CPU = Release|Any CPU
	EndGlobalSection
	GlobalSection(ProjectConfigurationPlatforms) = postSolution
		{822C5564-A287-4A6E-90AE-64B7D711F885}.Debug|Any CPU.ActiveCfg = Debug|Any CPU
		{822C5564-A287-4A6E-90AE-64B7D711F885}.Debug|Any CPU.Build.0 = Debug|Any CPU
		{822C5564-A287-4A6E-90AE-64B7D711F885}.Release|Any CPU.ActiveCfg = Release|Any CPU
		{822C5564-A287-4A6E-90AE-64B7D711F885}.Release|Any CPU.Build.0 = Release|Any CPU
	EndGlobalSection
	GlobalSection(SolutionProperties) = preSolution
		HideSolutionNode = FALSE
	EndGlobalSection
	GlobalSection(ExtensibilityGlobals) = postSolution
		SolutionGuid = {B00A8342-7A6C-46E3-AE01-680A1C098CDB}
	EndGlobalSection
EndGlobal
