
Microsoft Visual Studio Solution File, Format Version 12.00
# Visual Studio Version 17
VisualStudioVersion = 17.5.33530.505
MinimumVisualStudioVersion = 10.0.40219.1
Project("{FAE04EC0-301F-11D3-BF4B-00C04F79EFBC}") = "my new pro", "my new pro\my new pro.csproj", "{D3D7F734-923E-4EB9-8733-5C48A5EF614E}"
EndProject
Global
	GlobalSection(SolutionConfigurationPlatforms) = preSolution
		Debug|Any CPU = Debug|Any CPU
		Release|Any CPU = Release|Any CPU
	EndGlobalSection
	GlobalSection(ProjectConfigurationPlatforms) = postSolution
		{D3D7F734-923E-4EB9-8733-5C48A5EF614E}.Debug|Any CPU.ActiveCfg = Debug|Any CPU
		{D3D7F734-923E-4EB9-8733-5C48A5EF614E}.Debug|Any CPU.Build.0 = Debug|Any CPU
		{D3D7F734-923E-4EB9-8733-5C48A5EF614E}.Release|Any CPU.ActiveCfg = Release|Any CPU
		{D3D7F734-923E-4EB9-8733-5C48A5EF614E}.Release|Any CPU.Build.0 = Release|Any CPU
	EndGlobalSection
	GlobalSection(SolutionProperties) = preSolution
		HideSolutionNode = FALSE
	EndGlobalSection
	GlobalSection(ExtensibilityGlobals) = postSolution
		SolutionGuid = {EA63C9F3-8FE0-4B8B-9B3A-6DCA997B067A}
	EndGlobalSection
EndGlobal
