
Microsoft Visual Studio Solution File, Format Version 12.00
# Visual Studio Version 17
VisualStudioVersion = 17.5.33530.505
MinimumVisualStudioVersion = 10.0.40219.1
Project("{FAE04EC0-301F-11D3-BF4B-00C04F79EFBC}") = "method_overriding", "method_overriding\method_overriding.csproj", "{780B80E0-31FB-4EB8-978A-412D0D57EBEA}"
EndProject
Global
	GlobalSection(SolutionConfigurationPlatforms) = preSolution
		Debug|Any CPU = Debug|Any CPU
		Release|Any CPU = Release|Any CPU
	EndGlobalSection
	GlobalSection(ProjectConfigurationPlatforms) = postSolution
		{780B80E0-31FB-4EB8-978A-412D0D57EBEA}.Debug|Any CPU.ActiveCfg = Debug|Any CPU
		{780B80E0-31FB-4EB8-978A-412D0D57EBEA}.Debug|Any CPU.Build.0 = Debug|Any CPU
		{780B80E0-31FB-4EB8-978A-412D0D57EBEA}.Release|Any CPU.ActiveCfg = Release|Any CPU
		{780B80E0-31FB-4EB8-978A-412D0D57EBEA}.Release|Any CPU.Build.0 = Release|Any CPU
	EndGlobalSection
	GlobalSection(SolutionProperties) = preSolution
		HideSolutionNode = FALSE
	EndGlobalSection
	GlobalSection(ExtensibilityGlobals) = postSolution
		SolutionGuid = {64521737-4881-4E4C-93BB-CE6A969F4689}
	EndGlobalSection
EndGlobal
