
Microsoft Visual Studio Solution File, Format Version 12.00
# Visual Studio Version 17
VisualStudioVersion = 17.5.33502.453
MinimumVisualStudioVersion = 10.0.40219.1
Project("{FAE04EC0-301F-11D3-BF4B-00C04F79EFBC}") = "hello_program", "hello_program\hello_program.csproj", "{917C9875-915A-4D0A-B843-701D3F4134BA}"
EndProject
Global
	GlobalSection(SolutionConfigurationPlatforms) = preSolution
		Debug|Any CPU = Debug|Any CPU
		Release|Any CPU = Release|Any CPU
	EndGlobalSection
	GlobalSection(ProjectConfigurationPlatforms) = postSolution
		{917C9875-915A-4D0A-B843-701D3F4134BA}.Debug|Any CPU.ActiveCfg = Debug|Any CPU
		{917C9875-915A-4D0A-B843-701D3F4134BA}.Debug|Any CPU.Build.0 = Debug|Any CPU
		{917C9875-915A-4D0A-B843-701D3F4134BA}.Release|Any CPU.ActiveCfg = Release|Any CPU
		{917C9875-915A-4D0A-B843-701D3F4134BA}.Release|Any CPU.Build.0 = Release|Any CPU
	EndGlobalSection
	GlobalSection(SolutionProperties) = preSolution
		HideSolutionNode = FALSE
	EndGlobalSection
	GlobalSection(ExtensibilityGlobals) = postSolution
		SolutionGuid = {EBA12EFB-3902-4641-8767-C04090616472}
	EndGlobalSection
EndGlobal
