
Microsoft Visual Studio Solution File, Format Version 12.00
# Visual Studio Version 17
VisualStudioVersion = 17.6.33801.468
MinimumVisualStudioVersion = 10.0.40219.1
Project("{FAE04EC0-301F-11D3-BF4B-00C04F79EFBC}") = "validation1", "validation1\validation1.csproj", "{C6C14F3A-E4FA-4684-B705-A46DF18CEA69}"
EndProject
Global
	GlobalSection(SolutionConfigurationPlatforms) = preSolution
		Debug|Any CPU = Debug|Any CPU
		Release|Any CPU = Release|Any CPU
	EndGlobalSection
	GlobalSection(ProjectConfigurationPlatforms) = postSolution
		{C6C14F3A-E4FA-4684-B705-A46DF18CEA69}.Debug|Any CPU.ActiveCfg = Debug|Any CPU
		{C6C14F3A-E4FA-4684-B705-A46DF18CEA69}.Debug|Any CPU.Build.0 = Debug|Any CPU
		{C6C14F3A-E4FA-4684-B705-A46DF18CEA69}.Release|Any CPU.ActiveCfg = Release|Any CPU
		{C6C14F3A-E4FA-4684-B705-A46DF18CEA69}.Release|Any CPU.Build.0 = Release|Any CPU
	EndGlobalSection
	GlobalSection(SolutionProperties) = preSolution
		HideSolutionNode = FALSE
	EndGlobalSection
	GlobalSection(ExtensibilityGlobals) = postSolution
		SolutionGuid = {B9674F38-F1D3-435D-BF5A-FE6867A7EA2D}
	EndGlobalSection
EndGlobal
