
Microsoft Visual Studio Solution File, Format Version 12.00
# Visual Studio Version 17
VisualStudioVersion = 17.6.33801.468
MinimumVisualStudioVersion = 10.0.40219.1
Project("{FAE04EC0-301F-11D3-BF4B-00C04F79EFBC}") = "EFex", "EFex\EFex.csproj", "{FC9A9AA3-AF89-41FF-B4D2-3F1F0C9591D9}"
EndProject
Global
	GlobalSection(SolutionConfigurationPlatforms) = preSolution
		Debug|Any CPU = Debug|Any CPU
		Release|Any CPU = Release|Any CPU
	EndGlobalSection
	GlobalSection(ProjectConfigurationPlatforms) = postSolution
		{FC9A9AA3-AF89-41FF-B4D2-3F1F0C9591D9}.Debug|Any CPU.ActiveCfg = Debug|Any CPU
		{FC9A9AA3-AF89-41FF-B4D2-3F1F0C9591D9}.Debug|Any CPU.Build.0 = Debug|Any CPU
		{FC9A9AA3-AF89-41FF-B4D2-3F1F0C9591D9}.Release|Any CPU.ActiveCfg = Release|Any CPU
		{FC9A9AA3-AF89-41FF-B4D2-3F1F0C9591D9}.Release|Any CPU.Build.0 = Release|Any CPU
	EndGlobalSection
	GlobalSection(SolutionProperties) = preSolution
		HideSolutionNode = FALSE
	EndGlobalSection
	GlobalSection(ExtensibilityGlobals) = postSolution
		SolutionGuid = {AD9D2D2E-D290-4B8F-92C0-2D31ED8B9253}
	EndGlobalSection
EndGlobal
