
Microsoft Visual Studio Solution File, Format Version 12.00
# Visual Studio Version 17
VisualStudioVersion = 17.5.33516.290
MinimumVisualStudioVersion = 10.0.40219.1
Project("{FAE04EC0-301F-11D3-BF4B-00C04F79EFBC}") = "2D_array_with_matrix", "2D_array_with_matrix\2D_array_with_matrix.csproj", "{9AD19475-51BE-4846-BDB2-D8697615892A}"
EndProject
Global
	GlobalSection(SolutionConfigurationPlatforms) = preSolution
		Debug|Any CPU = Debug|Any CPU
		Release|Any CPU = Release|Any CPU
	EndGlobalSection
	GlobalSection(ProjectConfigurationPlatforms) = postSolution
		{9AD19475-51BE-4846-BDB2-D8697615892A}.Debug|Any CPU.ActiveCfg = Debug|Any CPU
		{9AD19475-51BE-4846-BDB2-D8697615892A}.Debug|Any CPU.Build.0 = Debug|Any CPU
		{9AD19475-51BE-4846-BDB2-D8697615892A}.Release|Any CPU.ActiveCfg = Release|Any CPU
		{9AD19475-51BE-4846-BDB2-D8697615892A}.Release|Any CPU.Build.0 = Release|Any CPU
	EndGlobalSection
	GlobalSection(SolutionProperties) = preSolution
		HideSolutionNode = FALSE
	EndGlobalSection
	GlobalSection(ExtensibilityGlobals) = postSolution
		SolutionGuid = {F2DA1275-8371-4ACB-9777-4C1FA05476C4}
	EndGlobalSection
EndGlobal
