
Microsoft Visual Studio Solution File, Format Version 12.00
# Visual Studio Version 17
VisualStudioVersion = 17.6.33801.468
MinimumVisualStudioVersion = 10.0.40219.1
Project("{FAE04EC0-301F-11D3-BF4B-00C04F79EFBC}") = "storedlibrary", "storedlibrary\storedlibrary.csproj", "{8FEA91F1-7287-47AA-AC4B-11E9F9B1B39E}"
EndProject
Global
	GlobalSection(SolutionConfigurationPlatforms) = preSolution
		Debug|Any CPU = Debug|Any CPU
		Release|Any CPU = Release|Any CPU
	EndGlobalSection
	GlobalSection(ProjectConfigurationPlatforms) = postSolution
		{8FEA91F1-7287-47AA-AC4B-11E9F9B1B39E}.Debug|Any CPU.ActiveCfg = Debug|Any CPU
		{8FEA91F1-7287-47AA-AC4B-11E9F9B1B39E}.Debug|Any CPU.Build.0 = Debug|Any CPU
		{8FEA91F1-7287-47AA-AC4B-11E9F9B1B39E}.Release|Any CPU.ActiveCfg = Release|Any CPU
		{8FEA91F1-7287-47AA-AC4B-11E9F9B1B39E}.Release|Any CPU.Build.0 = Release|Any CPU
	EndGlobalSection
	GlobalSection(SolutionProperties) = preSolution
		HideSolutionNode = FALSE
	EndGlobalSection
	GlobalSection(ExtensibilityGlobals) = postSolution
		SolutionGuid = {5B6010BE-06BF-44AB-AF45-63945B6C7BF0}
	EndGlobalSection
EndGlobal
