
Microsoft Visual Studio Solution File, Format Version 12.00
# Visual Studio Version 17
VisualStudioVersion = 17.5.33516.290
MinimumVisualStudioVersion = 10.0.40219.1
Project("{FAE04EC0-301F-11D3-BF4B-00C04F79EFBC}") = "class_using_field_method", "class_using_field_method\class_using_field_method.csproj", "{09FF857E-AE1E-49D5-8116-15B84D08988A}"
EndProject
Global
	GlobalSection(SolutionConfigurationPlatforms) = preSolution
		Debug|Any CPU = Debug|Any CPU
		Release|Any CPU = Release|Any CPU
	EndGlobalSection
	GlobalSection(ProjectConfigurationPlatforms) = postSolution
		{09FF857E-AE1E-49D5-8116-15B84D08988A}.Debug|Any CPU.ActiveCfg = Debug|Any CPU
		{09FF857E-AE1E-49D5-8116-15B84D08988A}.Debug|Any CPU.Build.0 = Debug|Any CPU
		{09FF857E-AE1E-49D5-8116-15B84D08988A}.Release|Any CPU.ActiveCfg = Release|Any CPU
		{09FF857E-AE1E-49D5-8116-15B84D08988A}.Release|Any CPU.Build.0 = Release|Any CPU
	EndGlobalSection
	GlobalSection(SolutionProperties) = preSolution
		HideSolutionNode = FALSE
	EndGlobalSection
	GlobalSection(ExtensibilityGlobals) = postSolution
		SolutionGuid = {109239A8-9BF7-4FE2-B8C8-5234F7DFF579}
	EndGlobalSection
EndGlobal
