
Microsoft Visual Studio Solution File, Format Version 12.00
# Visual Studio Version 17
VisualStudioVersion = 17.5.33516.290
MinimumVisualStudioVersion = 10.0.40219.1
Project("{FAE04EC0-301F-11D3-BF4B-00C04F79EFBC}") = "this_keyword_example", "this_keyword_example\this_keyword_example.csproj", "{56848F13-76EC-4A10-B213-B209A772F9CA}"
EndProject
Global
	GlobalSection(SolutionConfigurationPlatforms) = preSolution
		Debug|Any CPU = Debug|Any CPU
		Release|Any CPU = Release|Any CPU
	EndGlobalSection
	GlobalSection(ProjectConfigurationPlatforms) = postSolution
		{56848F13-76EC-4A10-B213-B209A772F9CA}.Debug|Any CPU.ActiveCfg = Debug|Any CPU
		{56848F13-76EC-4A10-B213-B209A772F9CA}.Debug|Any CPU.Build.0 = Debug|Any CPU
		{56848F13-76EC-4A10-B213-B209A772F9CA}.Release|Any CPU.ActiveCfg = Release|Any CPU
		{56848F13-76EC-4A10-B213-B209A772F9CA}.Release|Any CPU.Build.0 = Release|Any CPU
	EndGlobalSection
	GlobalSection(SolutionProperties) = preSolution
		HideSolutionNode = FALSE
	EndGlobalSection
	GlobalSection(ExtensibilityGlobals) = postSolution
		SolutionGuid = {B48CF909-1802-4051-B13E-8BFC8BDC0030}
	EndGlobalSection
EndGlobal
